
Microsoft Visual Studio Solution File, Format Version 12.00
# Visual Studio Version 17
VisualStudioVersion = 17.12.35707.178
MinimumVisualStudioVersion = 10.0.40219.1
Project("{FAE04EC0-301F-11D3-BF4B-00C04F79EFBC}") = "Oct27_PrivateAssemblies_EventDriv_BautistaM", "Oct27_PrivateAssemblies_EventDriv_BautistaM\Oct27_PrivateAssemblies_EventDriv_BautistaM.csproj", "{785B0579-1098-45DE-9808-9995F06A5F00}"
EndProject
Project("{FAE04EC0-301F-11D3-BF4B-00C04F79EFBC}") = "Oct27_CalculatorPrivateAssembly_EventDriv_BautistaM", "Oct27_CalculatorPrivateAssembly_EventDriv_BautistaM\Oct27_CalculatorPrivateAssembly_EventDriv_BautistaM.csproj", "{49496EB1-3E01-4159-87CA-178C67F5BB11}"
EndProject
Global
	GlobalSection(SolutionConfigurationPlatforms) = preSolution
		Debug|Any CPU = Debug|Any CPU
		Release|Any CPU = Release|Any CPU
	EndGlobalSection
	GlobalSection(ProjectConfigurationPlatforms) = postSolution
		{785B0579-1098-45DE-9808-9995F06A5F00}.Debug|Any CPU.ActiveCfg = Debug|Any CPU
		{785B0579-1098-45DE-9808-9995F06A5F00}.Debug|Any CPU.Build.0 = Debug|Any CPU
		{785B0579-1098-45DE-9808-9995F06A5F00}.Release|Any CPU.ActiveCfg = Release|Any CPU
		{785B0579-1098-45DE-9808-9995F06A5F00}.Release|Any CPU.Build.0 = Release|Any CPU
		{49496EB1-3E01-4159-87CA-178C67F5BB11}.Debug|Any CPU.ActiveCfg = Debug|Any CPU
		{49496EB1-3E01-4159-87CA-178C67F5BB11}.Debug|Any CPU.Build.0 = Debug|Any CPU
		{49496EB1-3E01-4159-87CA-178C67F5BB11}.Release|Any CPU.ActiveCfg = Release|Any CPU
		{49496EB1-3E01-4159-87CA-178C67F5BB11}.Release|Any CPU.Build.0 = Release|Any CPU
	EndGlobalSection
	GlobalSection(SolutionProperties) = preSolution
		HideSolutionNode = FALSE
	EndGlobalSection
EndGlobal
